// !$*UTF8*$!
{
	archiveVersion = 1;
	classes = {
	};
	objectVersion = 46;
	objects = {

/* Begin PBXBuildFile section */
		4741793F1C0DD0DB0047DE0E /* AppDelegate.swift in Sources */ = {isa = PBXBuildFile; fileRef = 4741793E1C0DD0DB0047DE0E /* AppDelegate.swift */; };
		474179411C0DD0DB0047DE0E /* WeatherViewController.swift in Sources */ = {isa = PBXBuildFile; fileRef = 474179401C0DD0DB0047DE0E /* WeatherViewController.swift */; };
		474179441C0DD0DB0047DE0E /* Main.storyboard in Resources */ = {isa = PBXBuildFile; fileRef = 474179421C0DD0DB0047DE0E /* Main.storyboard */; };
		474179461C0DD0DC0047DE0E /* Images.xcassets in Resources */ = {isa = PBXBuildFile; fileRef = 474179451C0DD0DC0047DE0E /* Images.xcassets */; };
		474179491C0DD0DC0047DE0E /* LaunchScreen.xib in Resources */ = {isa = PBXBuildFile; fileRef = 474179471C0DD0DC0047DE0E /* LaunchScreen.xib */; };
		4741795F1C0DE87B0047DE0E /* ServiceHelper.swift in Sources */ = {isa = PBXBuildFile; fileRef = 4741795E1C0DE87B0047DE0E /* ServiceHelper.swift */; };
		474179611C0DEAEA0047DE0E /* CoreLocation.framework in Frameworks */ = {isa = PBXBuildFile; fileRef = 474179601C0DEAEA0047DE0E /* CoreLocation.framework */; };
		474179631C0DEC380047DE0E /* WeatherDetails.swift in Sources */ = {isa = PBXBuildFile; fileRef = 474179621C0DEC380047DE0E /* WeatherDetails.swift */; };
		474179651C0EE0110047DE0E /* Constants.swift in Sources */ = {isa = PBXBuildFile; fileRef = 474179641C0EE0110047DE0E /* Constants.swift */; };
		546E04341C10177600B6A0C8 /* WeatherServiceTests.swift in Sources */ = {isa = PBXBuildFile; fileRef = 546E04331C10177600B6A0C8 /* WeatherServiceTests.swift */; settings = {ASSET_TAGS = (); }; };
		546E04361C1021A500B6A0C8 /* ServiceHelper.swift in Sources */ = {isa = PBXBuildFile; fileRef = 4741795E1C0DE87B0047DE0E /* ServiceHelper.swift */; settings = {ASSET_TAGS = (); }; };
		546E04381C1036CE00B6A0C8 /* WeatherViewControllerTests.swift in Sources */ = {isa = PBXBuildFile; fileRef = 546E04371C1036CE00B6A0C8 /* WeatherViewControllerTests.swift */; settings = {ASSET_TAGS = (); }; };
		546E04391C103A2400B6A0C8 /* WeatherViewController.swift in Sources */ = {isa = PBXBuildFile; fileRef = 474179401C0DD0DB0047DE0E /* WeatherViewController.swift */; settings = {ASSET_TAGS = (); }; };
		546E043A1C103B5200B6A0C8 /* WeatherDetails.swift in Sources */ = {isa = PBXBuildFile; fileRef = 474179621C0DEC380047DE0E /* WeatherDetails.swift */; settings = {ASSET_TAGS = (); }; };
		546E043B1C103FB300B6A0C8 /* Constants.swift in Sources */ = {isa = PBXBuildFile; fileRef = 474179641C0EE0110047DE0E /* Constants.swift */; settings = {ASSET_TAGS = (); }; };
		546E043F1C10644A00B6A0C8 /* Reachability.m in Sources */ = {isa = PBXBuildFile; fileRef = 546E043E1C10644A00B6A0C8 /* Reachability.m */; settings = {ASSET_TAGS = (); }; };
/* End PBXBuildFile section */

/* Begin PBXContainerItemProxy section */
		4741794F1C0DD0DD0047DE0E /* PBXContainerItemProxy */ = {
			isa = PBXContainerItemProxy;
			containerPortal = 474179311C0DD0DA0047DE0E /* Project object */;
			proxyType = 1;
			remoteGlobalIDString = 474179381C0DD0DA0047DE0E;
			remoteInfo = WeatherUpdate;
		};
/* End PBXContainerItemProxy section */

/* Begin PBXFileReference section */
		474179391C0DD0DA0047DE0E /* WeatherUpdate.app */ = {isa = PBXFileReference; explicitFileType = wrapper.application; includeInIndex = 0; path = WeatherUpdate.app; sourceTree = BUILT_PRODUCTS_DIR; };
		4741793D1C0DD0DB0047DE0E /* Info.plist */ = {isa = PBXFileReference; lastKnownFileType = text.plist.xml; path = Info.plist; sourceTree = "<group>"; };
		4741793E1C0DD0DB0047DE0E /* AppDelegate.swift */ = {isa = PBXFileReference; lastKnownFileType = sourcecode.swift; path = AppDelegate.swift; sourceTree = "<group>"; };
		474179401C0DD0DB0047DE0E /* WeatherViewController.swift */ = {isa = PBXFileReference; lastKnownFileType = sourcecode.swift; path = WeatherViewController.swift; sourceTree = "<group>"; };
		474179431C0DD0DB0047DE0E /* Base */ = {isa = PBXFileReference; lastKnownFileType = file.storyboard; name = Base; path = Base.lproj/Main.storyboard; sourceTree = "<group>"; };
		474179451C0DD0DC0047DE0E /* Images.xcassets */ = {isa = PBXFileReference; lastKnownFileType = folder.assetcatalog; path = Images.xcassets; sourceTree = "<group>"; };
		474179481C0DD0DC0047DE0E /* Base */ = {isa = PBXFileReference; lastKnownFileType = file.xib; name = Base; path = Base.lproj/LaunchScreen.xib; sourceTree = "<group>"; };
		4741794E1C0DD0DD0047DE0E /* WeatherUpdateTests.xctest */ = {isa = PBXFileReference; explicitFileType = wrapper.cfbundle; includeInIndex = 0; path = WeatherUpdateTests.xctest; sourceTree = BUILT_PRODUCTS_DIR; };
		474179531C0DD0DD0047DE0E /* Info.plist */ = {isa = PBXFileReference; lastKnownFileType = text.plist.xml; path = Info.plist; sourceTree = "<group>"; };
		4741795E1C0DE87B0047DE0E /* ServiceHelper.swift */ = {isa = PBXFileReference; fileEncoding = 4; lastKnownFileType = sourcecode.swift; path = ServiceHelper.swift; sourceTree = "<group>"; };
		474179601C0DEAEA0047DE0E /* CoreLocation.framework */ = {isa = PBXFileReference; lastKnownFileType = wrapper.framework; name = CoreLocation.framework; path = System/Library/Frameworks/CoreLocation.framework; sourceTree = SDKROOT; };
		474179621C0DEC380047DE0E /* WeatherDetails.swift */ = {isa = PBXFileReference; fileEncoding = 4; lastKnownFileType = sourcecode.swift; path = WeatherDetails.swift; sourceTree = "<group>"; };
		474179641C0EE0110047DE0E /* Constants.swift */ = {isa = PBXFileReference; fileEncoding = 4; lastKnownFileType = sourcecode.swift; path = Constants.swift; sourceTree = "<group>"; };
		546E04331C10177600B6A0C8 /* WeatherServiceTests.swift */ = {isa = PBXFileReference; fileEncoding = 4; lastKnownFileType = sourcecode.swift; path = WeatherServiceTests.swift; sourceTree = "<group>"; };
		546E04371C1036CE00B6A0C8 /* WeatherViewControllerTests.swift */ = {isa = PBXFileReference; fileEncoding = 4; lastKnownFileType = sourcecode.swift; path = WeatherViewControllerTests.swift; sourceTree = "<group>"; };
		546E043C1C10644900B6A0C8 /* WeatherUpdate-Bridging-Header.h */ = {isa = PBXFileReference; lastKnownFileType = sourcecode.c.h; path = "WeatherUpdate-Bridging-Header.h"; sourceTree = "<group>"; };
		546E043D1C10644A00B6A0C8 /* Reachability.h */ = {isa = PBXFileReference; fileEncoding = 4; lastKnownFileType = sourcecode.c.h; path = Reachability.h; sourceTree = "<group>"; };
		546E043E1C10644A00B6A0C8 /* Reachability.m */ = {isa = PBXFileReference; fileEncoding = 4; lastKnownFileType = sourcecode.c.objc; path = Reachability.m; sourceTree = "<group>"; };
/* End PBXFileReference section */

/* Begin PBXFrameworksBuildPhase section */
		474179361C0DD0DA0047DE0E /* Frameworks */ = {
			isa = PBXFrameworksBuildPhase;
			buildActionMask = 2147483647;
			files = (
				474179611C0DEAEA0047DE0E /* CoreLocation.framework in Frameworks */,
			);
			runOnlyForDeploymentPostprocessing = 0;
		};
		4741794B1C0DD0DD0047DE0E /* Frameworks */ = {
			isa = PBXFrameworksBuildPhase;
			buildActionMask = 2147483647;
			files = (
			);
			runOnlyForDeploymentPostprocessing = 0;
		};
/* End PBXFrameworksBuildPhase section */

/* Begin PBXGroup section */
		474179301C0DD0DA0047DE0E = {
			isa = PBXGroup;
			children = (
				474179601C0DEAEA0047DE0E /* CoreLocation.framework */,
				4741793B1C0DD0DA0047DE0E /* WeatherUpdate */,
				474179511C0DD0DD0047DE0E /* WeatherUpdateTests */,
				4741793A1C0DD0DA0047DE0E /* Products */,
			);
			sourceTree = "<group>";
		};
		4741793A1C0DD0DA0047DE0E /* Products */ = {
			isa = PBXGroup;
			children = (
				474179391C0DD0DA0047DE0E /* WeatherUpdate.app */,
				4741794E1C0DD0DD0047DE0E /* WeatherUpdateTests.xctest */,
			);
			name = Products;
			sourceTree = "<group>";
		};
		4741793B1C0DD0DA0047DE0E /* WeatherUpdate */ = {
			isa = PBXGroup;
			children = (
				546E04321C0F4DBE00B6A0C8 /* Utils */,
				546E04311C0F4D9700B6A0C8 /* ViewController */,
				546E042F1C0F4D6C00B6A0C8 /* Model */,
				4741793E1C0DD0DB0047DE0E /* AppDelegate.swift */,
				474179421C0DD0DB0047DE0E /* Main.storyboard */,
				474179451C0DD0DC0047DE0E /* Images.xcassets */,
				474179471C0DD0DC0047DE0E /* LaunchScreen.xib */,
				4741793C1C0DD0DB0047DE0E /* Supporting Files */,
			);
			path = WeatherUpdate;
			sourceTree = "<group>";
		};
		4741793C1C0DD0DB0047DE0E /* Supporting Files */ = {
			isa = PBXGroup;
			children = (
				4741793D1C0DD0DB0047DE0E /* Info.plist */,
			);
			name = "Supporting Files";
			sourceTree = "<group>";
		};
		474179511C0DD0DD0047DE0E /* WeatherUpdateTests */ = {
			isa = PBXGroup;
			children = (
				546E04331C10177600B6A0C8 /* WeatherServiceTests.swift */,
				546E04371C1036CE00B6A0C8 /* WeatherViewControllerTests.swift */,
				474179521C0DD0DD0047DE0E /* Supporting Files */,
			);
			path = WeatherUpdateTests;
			sourceTree = "<group>";
		};
		474179521C0DD0DD0047DE0E /* Supporting Files */ = {
			isa = PBXGroup;
			children = (
				474179531C0DD0DD0047DE0E /* Info.plist */,
			);
			name = "Supporting Files";
			sourceTree = "<group>";
		};
		546E042F1C0F4D6C00B6A0C8 /* Model */ = {
			isa = PBXGroup;
			children = (
				474179621C0DEC380047DE0E /* WeatherDetails.swift */,
			);
			name = Model;
			sourceTree = "<group>";
		};
		546E04311C0F4D9700B6A0C8 /* ViewController */ = {
			isa = PBXGroup;
			children = (
				474179401C0DD0DB0047DE0E /* WeatherViewController.swift */,
			);
			name = ViewController;
			sourceTree = "<group>";
		};
		546E04321C0F4DBE00B6A0C8 /* Utils */ = {
			isa = PBXGroup;
			children = (
				546E043D1C10644A00B6A0C8 /* Reachability.h */,
				546E043E1C10644A00B6A0C8 /* Reachability.m */,
				474179641C0EE0110047DE0E /* Constants.swift */,
				4741795E1C0DE87B0047DE0E /* ServiceHelper.swift */,
				546E043C1C10644900B6A0C8 /* WeatherUpdate-Bridging-Header.h */,
			);
			name = Utils;
			sourceTree = "<group>";
		};
/* End PBXGroup section */

/* Begin PBXNativeTarget section */
		474179381C0DD0DA0047DE0E /* WeatherUpdate */ = {
			isa = PBXNativeTarget;
			buildConfigurationList = 474179581C0DD0DE0047DE0E /* Build configuration list for PBXNativeTarget "WeatherUpdate" */;
			buildPhases = (
				474179351C0DD0DA0047DE0E /* Sources */,
				474179361C0DD0DA0047DE0E /* Frameworks */,
				474179371C0DD0DA0047DE0E /* Resources */,
			);
			buildRules = (
			);
			dependencies = (
			);
			name = WeatherUpdate;
			productName = WeatherUpdate;
			productReference = 474179391C0DD0DA0047DE0E /* WeatherUpdate.app */;
			productType = "com.apple.product-type.application";
		};
		4741794D1C0DD0DD0047DE0E /* WeatherUpdateTests */ = {
			isa = PBXNativeTarget;
			buildConfigurationList = 4741795B1C0DD0DE0047DE0E /* Build configuration list for PBXNativeTarget "WeatherUpdateTests" */;
			buildPhases = (
				4741794A1C0DD0DD0047DE0E /* Sources */,
				4741794B1C0DD0DD0047DE0E /* Frameworks */,
				4741794C1C0DD0DD0047DE0E /* Resources */,
			);
			buildRules = (
			);
			dependencies = (
				474179501C0DD0DD0047DE0E /* PBXTargetDependency */,
			);
			name = WeatherUpdateTests;
			productName = WeatherUpdateTests;
			productReference = 4741794E1C0DD0DD0047DE0E /* WeatherUpdateTests.xctest */;
			productType = "com.apple.product-type.bundle.unit-test";
		};
/* End PBXNativeTarget section */

/* Begin PBXProject section */
		474179311C0DD0DA0047DE0E /* Project object */ = {
			isa = PBXProject;
			attributes = {
				LastSwiftMigration = 0700;
				LastSwiftUpdateCheck = 0700;
				LastUpgradeCheck = 0600;
				TargetAttributes = {
					474179381C0DD0DA0047DE0E = {
						CreatedOnToolsVersion = 6.0;
					};
					4741794D1C0DD0DD0047DE0E = {
						CreatedOnToolsVersion = 6.0;
						TestTargetID = 474179381C0DD0DA0047DE0E;
					};
				};
			};
			buildConfigurationList = 474179341C0DD0DA0047DE0E /* Build configuration list for PBXProject "WeatherUpdate" */;
			compatibilityVersion = "Xcode 3.2";
			developmentRegion = English;
			hasScannedForEncodings = 0;
			knownRegions = (
				en,
				Base,
			);
			mainGroup = 474179301C0DD0DA0047DE0E;
			productRefGroup = 4741793A1C0DD0DA0047DE0E /* Products */;
			projectDirPath = "";
			projectRoot = "";
			targets = (
				474179381C0DD0DA0047DE0E /* WeatherUpdate */,
				4741794D1C0DD0DD0047DE0E /* WeatherUpdateTests */,
			);
		};
/* End PBXProject section */

/* Begin PBXResourcesBuildPhase section */
		474179371C0DD0DA0047DE0E /* Resources */ = {
			isa = PBXResourcesBuildPhase;
			buildActionMask = 2147483647;
			files = (
				474179441C0DD0DB0047DE0E /* Main.storyboard in Resources */,
				474179491C0DD0DC0047DE0E /* LaunchScreen.xib in Resources */,
				474179461C0DD0DC0047DE0E /* Images.xcassets in Resources */,
			);
			runOnlyForDeploymentPostprocessing = 0;
		};
		4741794C1C0DD0DD0047DE0E /* Resources */ = {
			isa = PBXResourcesBuildPhase;
			buildActionMask = 2147483647;
			files = (
			);
			runOnlyForDeploymentPostprocessing = 0;
		};
/* End PBXResourcesBuildPhase section */

/* Begin PBXSourcesBuildPhase section */
		474179351C0DD0DA0047DE0E /* Sources */ = {
			isa = PBXSourcesBuildPhase;
			buildActionMask = 2147483647;
			files = (
				474179651C0EE0110047DE0E /* Constants.swift in Sources */,
				474179411C0DD0DB0047DE0E /* WeatherViewController.swift in Sources */,
				474179631C0DEC380047DE0E /* WeatherDetails.swift in Sources */,
				4741793F1C0DD0DB0047DE0E /* AppDelegate.swift in Sources */,
				546E043F1C10644A00B6A0C8 /* Reachability.m in Sources */,
				4741795F1C0DE87B0047DE0E /* ServiceHelper.swift in Sources */,
			);
			runOnlyForDeploymentPostprocessing = 0;
		};
		4741794A1C0DD0DD0047DE0E /* Sources */ = {
			isa = PBXSourcesBuildPhase;
			buildActionMask = 2147483647;
			files = (
				546E04341C10177600B6A0C8 /* WeatherServiceTests.swift in Sources */,
				546E04391C103A2400B6A0C8 /* WeatherViewController.swift in Sources */,
				546E043A1C103B5200B6A0C8 /* WeatherDetails.swift in Sources */,
				546E04381C1036CE00B6A0C8 /* WeatherViewControllerTests.swift in Sources */,
				546E04361C1021A500B6A0C8 /* ServiceHelper.swift in Sources */,
				546E043B1C103FB300B6A0C8 /* Constants.swift in Sources */,
			);
			runOnlyForDeploymentPostprocessing = 0;
		};
/* End PBXSourcesBuildPhase section */

/* Begin PBXTargetDependency section */
		474179501C0DD0DD0047DE0E /* PBXTargetDependency */ = {
			isa = PBXTargetDependency;
			target = 474179381C0DD0DA0047DE0E /* WeatherUpdate */;
			targetProxy = 4741794F1C0DD0DD0047DE0E /* PBXContainerItemProxy */;
		};
/* End PBXTargetDependency section */

/* Begin PBXVariantGroup section */
		474179421C0DD0DB0047DE0E /* Main.storyboard */ = {
			isa = PBXVariantGroup;
			children = (
				474179431C0DD0DB0047DE0E /* Base */,
			);
			name = Main.storyboard;
			sourceTree = "<group>";
		};
		474179471C0DD0DC0047DE0E /* LaunchScreen.xib */ = {
			isa = PBXVariantGroup;
			children = (
				474179481C0DD0DC0047DE0E /* Base */,
			);
			name = LaunchScreen.xib;
			sourceTree = "<group>";
		};
/* End PBXVariantGroup section */

/* Begin XCBuildConfiguration section */
		474179561C0DD0DE0047DE0E /* Debug */ = {
			isa = XCBuildConfiguration;
			buildSettings = {
				ALWAYS_SEARCH_USER_PATHS = NO;
				CLANG_CXX_LANGUAGE_STANDARD = "gnu++0x";
				CLANG_CXX_LIBRARY = "libc++";
				CLANG_ENABLE_MODULES = YES;
				CLANG_ENABLE_OBJC_ARC = YES;
				CLANG_WARN_BOOL_CONVERSION = YES;
				CLANG_WARN_CONSTANT_CONVERSION = YES;
				CLANG_WARN_DIRECT_OBJC_ISA_USAGE = YES_ERROR;
				CLANG_WARN_EMPTY_BODY = YES;
				CLANG_WARN_ENUM_CONVERSION = YES;
				CLANG_WARN_INT_CONVERSION = YES;
				CLANG_WARN_OBJC_ROOT_CLASS = YES_ERROR;
				CLANG_WARN_UNREACHABLE_CODE = YES;
				CLANG_WARN__DUPLICATE_METHOD_MATCH = YES;
				"CODE_SIGN_IDENTITY[sdk=iphoneos*]" = "iPhone Developer";
				COPY_PHASE_STRIP = NO;
				ENABLE_STRICT_OBJC_MSGSEND = YES;
				GCC_C_LANGUAGE_STANDARD = gnu99;
				GCC_DYNAMIC_NO_PIC = NO;
				GCC_OPTIMIZATION_LEVEL = 0;
				GCC_PREPROCESSOR_DEFINITIONS = (
					"DEBUG=1",
					"$(inherited)",
				);
				GCC_SYMBOLS_PRIVATE_EXTERN = NO;
				GCC_WARN_64_TO_32_BIT_CONVERSION = YES;
				GCC_WARN_ABOUT_RETURN_TYPE = YES_ERROR;
				GCC_WARN_UNDECLARED_SELECTOR = YES;
				GCC_WARN_UNINITIALIZED_AUTOS = YES_AGGRESSIVE;
				GCC_WARN_UNUSED_FUNCTION = YES;
				GCC_WARN_UNUSED_VARIABLE = YES;
				IPHONEOS_DEPLOYMENT_TARGET = 8.0;
				MTL_ENABLE_DEBUG_INFO = YES;
				ONLY_ACTIVE_ARCH = YES;
				SDKROOT = iphoneos;
				SWIFT_OPTIMIZATION_LEVEL = "-Onone";
			};
			name = Debug;
		};
		474179571C0DD0DE0047DE0E /* Release */ = {
			isa = XCBuildConfiguration;
			buildSettings = {
				ALWAYS_SEARCH_USER_PATHS = NO;
				CLANG_CXX_LANGUAGE_STANDARD = "gnu++0x";
				CLANG_CXX_LIBRARY = "libc++";
				CLANG_ENABLE_MODULES = YES;
				CLANG_ENABLE_OBJC_ARC = YES;
				CLANG_WARN_BOOL_CONVERSION = YES;
				CLANG_WARN_CONSTANT_CONVERSION = YES;
				CLANG_WARN_DIRECT_OBJC_ISA_USAGE = YES_ERROR;
				CLANG_WARN_EMPTY_BODY = YES;
				CLANG_WARN_ENUM_CONVERSION = YES;
				CLANG_WARN_INT_CONVERSION = YES;
				CLANG_WARN_OBJC_ROOT_CLASS = YES_ERROR;
				CLANG_WARN_UNREACHABLE_CODE = YES;
				CLANG_WARN__DUPLICATE_METHOD_MATCH = YES;
				"CODE_SIGN_IDENTITY[sdk=iphoneos*]" = "iPhone Developer";
				COPY_PHASE_STRIP = YES;
				ENABLE_NS_ASSERTIONS = NO;
				ENABLE_STRICT_OBJC_MSGSEND = YES;
				GCC_C_LANGUAGE_STANDARD = gnu99;
				GCC_WARN_64_TO_32_BIT_CONVERSION = YES;
				GCC_WARN_ABOUT_RETURN_TYPE = YES_ERROR;
				GCC_WARN_UNDECLARED_SELECTOR = YES;
				GCC_WARN_UNINITIALIZED_AUTOS = YES_AGGRESSIVE;
				GCC_WARN_UNUSED_FUNCTION = YES;
				GCC_WARN_UNUSED_VARIABLE = YES;
				IPHONEOS_DEPLOYMENT_TARGET = 8.0;
				MTL_ENABLE_DEBUG_INFO = NO;
				SDKROOT = iphoneos;
				VALIDATE_PRODUCT = YES;
			};
			name = Release;
		};
		474179591C0DD0DE0047DE0E /* Debug */ = {
			isa = XCBuildConfiguration;
			buildSettings = {
				ASSETCATALOG_COMPILER_APPICON_NAME = AppIcon;
				CLANG_ENABLE_MODULES = YES;
				INFOPLIST_FILE = WeatherUpdate/Info.plist;
				LD_RUNPATH_SEARCH_PATHS = "$(inherited) @executable_path/Frameworks";
				PRODUCT_NAME = "$(TARGET_NAME)";
				SWIFT_OBJC_BRIDGING_HEADER = "WeatherUpdate/WeatherUpdate-Bridging-Header.h";
				SWIFT_OPTIMIZATION_LEVEL = "-Onone";
			};
			name = Debug;
		};
		4741795A1C0DD0DE0047DE0E /* Release */ = {
			isa = XCBuildConfiguration;
			buildSettings = {
				ASSETCATALOG_COMPILER_APPICON_NAME = AppIcon;
				CLANG_ENABLE_MODULES = YES;
				INFOPLIST_FILE = WeatherUpdate/Info.plist;
				LD_RUNPATH_SEARCH_PATHS = "$(inherited) @executable_path/Frameworks";
				PRODUCT_NAME = "$(TARGET_NAME)";
				SWIFT_OBJC_BRIDGING_HEADER = "WeatherUpdate/WeatherUpdate-Bridging-Header.h";
			};
			name = Release;
		};
		4741795C1C0DD0DE0047DE0E /* Debug */ = {
			isa = XCBuildConfiguration;
			buildSettings = {
				BUNDLE_LOADER = "$(TEST_HOST)";
				FRAMEWORK_SEARCH_PATHS = (
					"$(SDKROOT)/Developer/Library/Frameworks",
					"$(inherited)",
				);
				GCC_PREPROCESSOR_DEFINITIONS = (
					"DEBUG=1",
					"$(inherited)",
				);
				INFOPLIST_FILE = WeatherUpdateTests/Info.plist;
				LD_RUNPATH_SEARCH_PATHS = "$(inherited) @executable_path/Frameworks @loader_path/Frameworks";
				PRODUCT_NAME = "$(TARGET_NAME)";
				TEST_HOST = "$(BUILT_PRODUCTS_DIR)/WeatherUpdate.app/WeatherUpdate";
			};
			name = Debug;
		};
		4741795D1C0DD0DE0047DE0E /* Release */ = {
			isa = XCBuildConfiguration;
			buildSettings = {
				BUNDLE_LOADER = "$(TEST_HOST)";
				FRAMEWORK_SEARCH_PATHS = (
					"$(SDKROOT)/Developer/Library/Frameworks",
					"$(inherited)",
				);
				INFOPLIST_FILE = WeatherUpdateTests/Info.plist;
				LD_RUNPATH_SEARCH_PATHS = "$(inherited) @executable_path/Frameworks @loader_path/Frameworks";
				PRODUCT_NAME = "$(TARGET_NAME)";
				TEST_HOST = "$(BUILT_PRODUCTS_DIR)/WeatherUpdate.app/WeatherUpdate";
			};
			name = Release;
		};
/* End XCBuildConfiguration section */

/* Begin XCConfigurationList section */
		474179341C0DD0DA0047DE0E /* Build configuration list for PBXProject "WeatherUpdate" */ = {
			isa = XCConfigurationList;
			buildConfigurations = (
				474179561C0DD0DE0047DE0E /* Debug */,
				474179571C0DD0DE0047DE0E /* Release */,
			);
			defaultConfigurationIsVisible = 0;
			defaultConfigurationName = Release;
		};
		474179581C0DD0DE0047DE0E /* Build configuration list for PBXNativeTarget "WeatherUpdate" */ = {
			isa = XCConfigurationList;
			buildConfigurations = (
				474179591C0DD0DE0047DE0E /* Debug */,
				4741795A1C0DD0DE0047DE0E /* Release */,
			);
			defaultConfigurationIsVisible = 0;
			defaultConfigurationName = Release;
		};
		4741795B1C0DD0DE0047DE0E /* Build configuration list for PBXNativeTarget "WeatherUpdateTests" */ = {
			isa = XCConfigurationList;
			buildConfigurations = (
				4741795C1C0DD0DE0047DE0E /* Debug */,
				4741795D1C0DD0DE0047DE0E /* Release */,
			);
			defaultConfigurationIsVisible = 0;
			defaultConfigurationName = Release;
		};
/* End XCConfigurationList section */
	};
	rootObject = 474179311C0DD0DA0047DE0E /* Project object */;
}
